
Microsoft Visual Studio Solution File, Format Version 12.00
# Visual Studio 15
VisualStudioVersion = 15.0.28307.421
MinimumVisualStudioVersion = 10.0.40219.1
Project("{FAE04EC0-301F-11D3-BF4B-00C04F79EFBC}") = "StudentDatabase", "StudentDatabase\StudentDatabase.csproj", "{FE0F9354-9150-4D42-B790-EAAA068BADC5}"
EndProject
Global
	GlobalSection(SolutionConfigurationPlatforms) = preSolution
		Debug|Any CPU = Debug|Any CPU
		Release|Any CPU = Release|Any CPU
	EndGlobalSection
	GlobalSection(ProjectConfigurationPlatforms) = postSolution
		{FE0F9354-9150-4D42-B790-EAAA068BADC5}.Debug|Any CPU.ActiveCfg = Debug|Any CPU
		{FE0F9354-9150-4D42-B790-EAAA068BADC5}.Debug|Any CPU.Build.0 = Debug|Any CPU
		{FE0F9354-9150-4D42-B790-EAAA068BADC5}.Release|Any CPU.ActiveCfg = Release|Any CPU
		{FE0F9354-9150-4D42-B790-EAAA068BADC5}.Release|Any CPU.Build.0 = Release|Any CPU
	EndGlobalSection
	GlobalSection(SolutionProperties) = preSolution
		HideSolutionNode = FALSE
	EndGlobalSection
	GlobalSection(ExtensibilityGlobals) = postSolution
		SolutionGuid = {88C3F550-C5D5-48AA-B0B4-A738B716BE84}
	EndGlobalSection
EndGlobal
